// !$*UTF8*$!
{
	archiveVersion = 1;
	classes = {
	};
	objectVersion = 50;
	objects = {

/* Begin PBXBuildFile section */
		4F3424F6245671B9005A8940 /* AppDelegate.swift in Sources */ = {isa = PBXBuildFile; fileRef = 4F3424F5245671B9005A8940 /* AppDelegate.swift */; };
		4F3424F8245671B9005A8940 /* SceneDelegate.swift in Sources */ = {isa = PBXBuildFile; fileRef = 4F3424F7245671B9005A8940 /* SceneDelegate.swift */; };
		4F3424FA245671B9005A8940 /* MainViewController.swift in Sources */ = {isa = PBXBuildFile; fileRef = 4F3424F9245671B9005A8940 /* MainViewController.swift */; };
		4F3424FD245671B9005A8940 /* Main.storyboard in Resources */ = {isa = PBXBuildFile; fileRef = 4F3424FB245671B9005A8940 /* Main.storyboard */; };
		4F3424FF245671BD005A8940 /* Assets.xcassets in Resources */ = {isa = PBXBuildFile; fileRef = 4F3424FE245671BD005A8940 /* Assets.xcassets */; };
		4F342502245671BD005A8940 /* LaunchScreen.storyboard in Resources */ = {isa = PBXBuildFile; fileRef = 4F342500245671BD005A8940 /* LaunchScreen.storyboard */; };
		4F34250E2456AEC1005A8940 /* AddProjectViewController.swift in Sources */ = {isa = PBXBuildFile; fileRef = 4F34250D2456AEC1005A8940 /* AddProjectViewController.swift */; };
/* End PBXBuildFile section */

/* Begin PBXFileReference section */
		4F3424F2245671B9005A8940 /* PrototypeJunhpark.app */ = {isa = PBXFileReference; explicitFileType = wrapper.application; includeInIndex = 0; path = PrototypeJunhpark.app; sourceTree = BUILT_PRODUCTS_DIR; };
		4F3424F5245671B9005A8940 /* AppDelegate.swift */ = {isa = PBXFileReference; lastKnownFileType = sourcecode.swift; path = AppDelegate.swift; sourceTree = "<group>"; };
		4F3424F7245671B9005A8940 /* SceneDelegate.swift */ = {isa = PBXFileReference; lastKnownFileType = sourcecode.swift; path = SceneDelegate.swift; sourceTree = "<group>"; };
		4F3424F9245671B9005A8940 /* MainViewController.swift */ = {isa = PBXFileReference; lastKnownFileType = sourcecode.swift; path = MainViewController.swift; sourceTree = "<group>"; };
		4F3424FC245671B9005A8940 /* Base */ = {isa = PBXFileReference; lastKnownFileType = file.storyboard; name = Base; path = Base.lproj/Main.storyboard; sourceTree = "<group>"; };
		4F3424FE245671BD005A8940 /* Assets.xcassets */ = {isa = PBXFileReference; lastKnownFileType = folder.assetcatalog; path = Assets.xcassets; sourceTree = "<group>"; };
		4F342501245671BD005A8940 /* Base */ = {isa = PBXFileReference; lastKnownFileType = file.storyboard; name = Base; path = Base.lproj/LaunchScreen.storyboard; sourceTree = "<group>"; };
		4F342503245671BD005A8940 /* Info.plist */ = {isa = PBXFileReference; lastKnownFileType = text.plist.xml; path = Info.plist; sourceTree = "<group>"; };
		4F34250D2456AEC1005A8940 /* AddProjectViewController.swift */ = {isa = PBXFileReference; lastKnownFileType = sourcecode.swift; path = AddProjectViewController.swift; sourceTree = "<group>"; };
/* End PBXFileReference section */

/* Begin PBXFrameworksBuildPhase section */
		4F3424EF245671B9005A8940 /* Frameworks */ = {
			isa = PBXFrameworksBuildPhase;
			buildActionMask = 2147483647;
			files = (
			);
			runOnlyForDeploymentPostprocessing = 0;
		};
/* End PBXFrameworksBuildPhase section */

/* Begin PBXGroup section */
		4F3424E9245671B9005A8940 = {
			isa = PBXGroup;
			children = (
				4F3424F4245671B9005A8940 /* PrototypeJunhpark */,
				4F3424F3245671B9005A8940 /* Products */,
			);
			sourceTree = "<group>";
		};
		4F3424F3245671B9005A8940 /* Products */ = {
			isa = PBXGroup;
			children = (
				4F3424F2245671B9005A8940 /* PrototypeJunhpark.app */,
			);
			name = Products;
			sourceTree = "<group>";
		};
		4F3424F4245671B9005A8940 /* PrototypeJunhpark */ = {
			isa = PBXGroup;
			children = (
				4F3424F5245671B9005A8940 /* AppDelegate.swift */,
				4F3424F7245671B9005A8940 /* SceneDelegate.swift */,
				4F3424F9245671B9005A8940 /* MainViewController.swift */,
				4F34250D2456AEC1005A8940 /* AddProjectViewController.swift */,
				4F3424FB245671B9005A8940 /* Main.storyboard */,
				4F3424FE245671BD005A8940 /* Assets.xcassets */,
				4F342500245671BD005A8940 /* LaunchScreen.storyboard */,
				4F342503245671BD005A8940 /* Info.plist */,
			);
			path = PrototypeJunhpark;
			sourceTree = "<group>";
		};
/* End PBXGroup section */

/* Begin PBXNativeTarget section */
		4F3424F1245671B9005A8940 /* PrototypeJunhpark */ = {
			isa = PBXNativeTarget;
			buildConfigurationList = 4F342506245671BD005A8940 /* Build configuration list for PBXNativeTarget "PrototypeJunhpark" */;
			buildPhases = (
				4F3424EE245671B9005A8940 /* Sources */,
				4F3424EF245671B9005A8940 /* Frameworks */,
				4F3424F0245671B9005A8940 /* Resources */,
			);
			buildRules = (
			);
			dependencies = (
			);
			name = PrototypeJunhpark;
			productName = PrototypeJunhpark;
			productReference = 4F3424F2245671B9005A8940 /* PrototypeJunhpark.app */;
			productType = "com.apple.product-type.application";
		};
/* End PBXNativeTarget section */

/* Begin PBXProject section */
		4F3424EA245671B9005A8940 /* Project object */ = {
			isa = PBXProject;
			attributes = {
				LastSwiftUpdateCheck = 1140;
				LastUpgradeCheck = 1140;
				ORGANIZATIONNAME = 42Seoul;
				TargetAttributes = {
					4F3424F1245671B9005A8940 = {
						CreatedOnToolsVersion = 11.4.1;
					};
				};
			};
			buildConfigurationList = 4F3424ED245671B9005A8940 /* Build configuration list for PBXProject "PrototypeJunhpark" */;
			compatibilityVersion = "Xcode 9.3";
			developmentRegion = en;
			hasScannedForEncodings = 0;
			knownRegions = (
				en,
				Base,
			);
			mainGroup = 4F3424E9245671B9005A8940;
			productRefGroup = 4F3424F3245671B9005A8940 /* Products */;
			projectDirPath = "";
			projectRoot = "";
			targets = (
				4F3424F1245671B9005A8940 /* PrototypeJunhpark */,
			);
		};
/* End PBXProject section */

/* Begin PBXResourcesBuildPhase section */
		4F3424F0245671B9005A8940 /* Resources */ = {
			isa = PBXResourcesBuildPhase;
			buildActionMask = 2147483647;
			files = (
				4F342502245671BD005A8940 /* LaunchScreen.storyboard in Resources */,
				4F3424FF245671BD005A8940 /* Assets.xcassets in Resources */,
				4F3424FD245671B9005A8940 /* Main.storyboard in Resources */,
			);
			runOnlyForDeploymentPostprocessing = 0;
		};
/* End PBXResourcesBuildPhase section */

/* Begin PBXSourcesBuildPhase section */
		4F3424EE245671B9005A8940 /* Sources */ = {
			isa = PBXSourcesBuildPhase;
			buildActionMask = 2147483647;
			files = (
				4F3424FA245671B9005A8940 /* MainViewController.swift in Sources */,
				4F3424F6245671B9005A8940 /* AppDelegate.swift in Sources */,
				4F34250E2456AEC1005A8940 /* AddProjectViewController.swift in Sources */,
				4F3424F8245671B9005A8940 /* SceneDelegate.swift in Sources */,
			);
			runOnlyForDeploymentPostprocessing = 0;
		};
/* End PBXSourcesBuildPhase section */

/* Begin PBXVariantGroup section */
		4F3424FB245671B9005A8940 /* Main.storyboard */ = {
			isa = PBXVariantGroup;
			children = (
				4F3424FC245671B9005A8940 /* Base */,
			);
			name = Main.storyboard;
			sourceTree = "<group>";
		};
		4F342500245671BD005A8940 /* LaunchScreen.storyboard */ = {
			isa = PBXVariantGroup;
			children = (
				4F342501245671BD005A8940 /* Base */,
			);
			name = LaunchScreen.storyboard;
			sourceTree = "<group>";
		};
/* End PBXVariantGroup section */

/* Begin XCBuildConfiguration section */
		4F342504245671BD005A8940 /* Debug */ = {
			isa = XCBuildConfiguration;
			buildSettings = {
				ALWAYS_SEARCH_USER_PATHS = NO;
				CLANG_ANALYZER_NONNULL = YES;
				CLANG_ANALYZER_NUMBER_OBJECT_CONVERSION = YES_AGGRESSIVE;
				CLANG_CXX_LANGUAGE_STANDARD = "gnu++14";
				CLANG_CXX_LIBRARY = "libc++";
				CLANG_ENABLE_MODULES = YES;
				CLANG_ENABLE_OBJC_ARC = YES;
				CLANG_ENABLE_OBJC_WEAK = YES;
				CLANG_WARN_BLOCK_CAPTURE_AUTORELEASING = YES;
				CLANG_WARN_BOOL_CONVERSION = YES;
				CLANG_WARN_COMMA = YES;
				CLANG_WARN_CONSTANT_CONVERSION = YES;
				CLANG_WARN_DEPRECATED_OBJC_IMPLEMENTATIONS = YES;
				CLANG_WARN_DIRECT_OBJC_ISA_USAGE = YES_ERROR;
				CLANG_WARN_DOCUMENTATION_COMMENTS = YES;
				CLANG_WARN_EMPTY_BODY = YES;
				CLANG_WARN_ENUM_CONVERSION = YES;
				CLANG_WARN_INFINITE_RECURSION = YES;
				CLANG_WARN_INT_CONVERSION = YES;
				CLANG_WARN_NON_LITERAL_NULL_CONVERSION = YES;
				CLANG_WARN_OBJC_IMPLICIT_RETAIN_SELF = YES;
				CLANG_WARN_OBJC_LITERAL_CONVERSION = YES;
				CLANG_WARN_OBJC_ROOT_CLASS = YES_ERROR;
				CLANG_WARN_RANGE_LOOP_ANALYSIS = YES;
				CLANG_WARN_STRICT_PROTOTYPES = YES;
				CLANG_WARN_SUSPICIOUS_MOVE = YES;
				CLANG_WARN_UNGUARDED_AVAILABILITY = YES_AGGRESSIVE;
				CLANG_WARN_UNREACHABLE_CODE = YES;
				CLANG_WARN__DUPLICATE_METHOD_MATCH = YES;
				COPY_PHASE_STRIP = NO;
				DEBUG_INFORMATION_FORMAT = dwarf;
				ENABLE_STRICT_OBJC_MSGSEND = YES;
				ENABLE_TESTABILITY = YES;
				GCC_C_LANGUAGE_STANDARD = gnu11;
				GCC_DYNAMIC_NO_PIC = NO;
				GCC_NO_COMMON_BLOCKS = YES;
				GCC_OPTIMIZATION_LEVEL = 0;
				GCC_PREPROCESSOR_DEFINITIONS = (
					"DEBUG=1",
					"$(inherited)",
				);
				GCC_WARN_64_TO_32_BIT_CONVERSION = YES;
				GCC_WARN_ABOUT_RETURN_TYPE = YES_ERROR;
				GCC_WARN_UNDECLARED_SELECTOR = YES;
				GCC_WARN_UNINITIALIZED_AUTOS = YES_AGGRESSIVE;
				GCC_WARN_UNUSED_FUNCTION = YES;
				GCC_WARN_UNUSED_VARIABLE = YES;
				IPHONEOS_DEPLOYMENT_TARGET = 13.4;
				MTL_ENABLE_DEBUG_INFO = INCLUDE_SOURCE;
				MTL_FAST_MATH = YES;
				ONLY_ACTIVE_ARCH = YES;
				SDKROOT = iphoneos;
				SWIFT_ACTIVE_COMPILATION_CONDITIONS = DEBUG;
				SWIFT_OPTIMIZATION_LEVEL = "-Onone";
			};
			name = Debug;
		};
		4F342505245671BD005A8940 /* Release */ = {
			isa = XCBuildConfiguration;
			buildSettings = {
				ALWAYS_SEARCH_USER_PATHS = NO;
				CLANG_ANALYZER_NONNULL = YES;
				CLANG_ANALYZER_NUMBER_OBJECT_CONVERSION = YES_AGGRESSIVE;
				CLANG_CXX_LANGUAGE_STANDARD = "gnu++14";
				CLANG_CXX_LIBRARY = "libc++";
				CLANG_ENABLE_MODULES = YES;
				CLANG_ENABLE_OBJC_ARC = YES;
				CLANG_ENABLE_OBJC_WEAK = YES;
				CLANG_WARN_BLOCK_CAPTURE_AUTORELEASING = YES;
				CLANG_WARN_BOOL_CONVERSION = YES;
				CLANG_WARN_COMMA = YES;
				CLANG_WARN_CONSTANT_CONVERSION = YES;
				CLANG_WARN_DEPRECATED_OBJC_IMPLEMENTATIONS = YES;
				CLANG_WARN_DIRECT_OBJC_ISA_USAGE = YES_ERROR;
				CLANG_WARN_DOCUMENTATION_COMMENTS = YES;
				CLANG_WARN_EMPTY_BODY = YES;
				CLANG_WARN_ENUM_CONVERSION = YES;
				CLANG_WARN_INFINITE_RECURSION = YES;
				CLANG_WARN_INT_CONVERSION = YES;
				CLANG_WARN_NON_LITERAL_NULL_CONVERSION = YES;
				CLANG_WARN_OBJC_IMPLICIT_RETAIN_SELF = YES;
				CLANG_WARN_OBJC_LITERAL_CONVERSION = YES;
				CLANG_WARN_OBJC_ROOT_CLASS = YES_ERROR;
				CLANG_WARN_RANGE_LOOP_ANALYSIS = YES;
				CLANG_WARN_STRICT_PROTOTYPES = YES;
				CLANG_WARN_SUSPICIOUS_MOVE = YES;
				CLANG_WARN_UNGUARDED_AVAILABILITY = YES_AGGRESSIVE;
				CLANG_WARN_UNREACHABLE_CODE = YES;
				CLANG_WARN__DUPLICATE_METHOD_MATCH = YES;
				COPY_PHASE_STRIP = NO;
				DEBUG_INFORMATION_FORMAT = "dwarf-with-dsym";
				ENABLE_NS_ASSERTIONS = NO;
				ENABLE_STRICT_OBJC_MSGSEND = YES;
				GCC_C_LANGUAGE_STANDARD = gnu11;
				GCC_NO_COMMON_BLOCKS = YES;
				GCC_WARN_64_TO_32_BIT_CONVERSION = YES;
				GCC_WARN_ABOUT_RETURN_TYPE = YES_ERROR;
				GCC_WARN_UNDECLARED_SELECTOR = YES;
				GCC_WARN_UNINITIALIZED_AUTOS = YES_AGGRESSIVE;
				GCC_WARN_UNUSED_FUNCTION = YES;
				GCC_WARN_UNUSED_VARIABLE = YES;
				IPHONEOS_DEPLOYMENT_TARGET = 13.4;
				MTL_ENABLE_DEBUG_INFO = NO;
				MTL_FAST_MATH = YES;
				SDKROOT = iphoneos;
				SWIFT_COMPILATION_MODE = wholemodule;
				SWIFT_OPTIMIZATION_LEVEL = "-O";
				VALIDATE_PRODUCT = YES;
			};
			name = Release;
		};
		4F342507245671BD005A8940 /* Debug */ = {
			isa = XCBuildConfiguration;
			buildSettings = {
				ASSETCATALOG_COMPILER_APPICON_NAME = AppIcon;
				CODE_SIGN_STYLE = Automatic;
				INFOPLIST_FILE = PrototypeJunhpark/Info.plist;
				LD_RUNPATH_SEARCH_PATHS = (
					"$(inherited)",
					"@executable_path/Frameworks",
				);
				PRODUCT_BUNDLE_IDENTIFIER = junhpark.PrototypeJunhpark;
				PRODUCT_NAME = "$(TARGET_NAME)";
				SWIFT_VERSION = 5.0;
				TARGETED_DEVICE_FAMILY = "1,2";
			};
			name = Debug;
		};
		4F342508245671BD005A8940 /* Release */ = {
			isa = XCBuildConfiguration;
			buildSettings = {
				ASSETCATALOG_COMPILER_APPICON_NAME = AppIcon;
				CODE_SIGN_STYLE = Automatic;
				INFOPLIST_FILE = PrototypeJunhpark/Info.plist;
				LD_RUNPATH_SEARCH_PATHS = (
					"$(inherited)",
					"@executable_path/Frameworks",
				);
				PRODUCT_BUNDLE_IDENTIFIER = junhpark.PrototypeJunhpark;
				PRODUCT_NAME = "$(TARGET_NAME)";
				SWIFT_VERSION = 5.0;
				TARGETED_DEVICE_FAMILY = "1,2";
			};
			name = Release;
		};
/* End XCBuildConfiguration section */

/* Begin XCConfigurationList section */
		4F3424ED245671B9005A8940 /* Build configuration list for PBXProject "PrototypeJunhpark" */ = {
			isa = XCConfigurationList;
			buildConfigurations = (
				4F342504245671BD005A8940 /* Debug */,
				4F342505245671BD005A8940 /* Release */,
			);
			defaultConfigurationIsVisible = 0;
			defaultConfigurationName = Release;
		};
		4F342506245671BD005A8940 /* Build configuration list for PBXNativeTarget "PrototypeJunhpark" */ = {
			isa = XCConfigurationList;
			buildConfigurations = (
				4F342507245671BD005A8940 /* Debug */,
				4F342508245671BD005A8940 /* Release */,
			);
			defaultConfigurationIsVisible = 0;
			defaultConfigurationName = Release;
		};
/* End XCConfigurationList section */
	};
	rootObject = 4F3424EA245671B9005A8940 /* Project object */;
}
